{
  "name": "freee_api",
  "lockfileVersion": 3,
  "requires": true,
  "packages": {
    "": {
      "dependencies": {
        "dayjs": "^1.11.13",
        "japanese-holidays": "^1.0.10"
      }
    },
    "node_modules/dayjs": {
      "version": "1.11.13",
      "resolved": "https://registry.npmjs.org/dayjs/-/dayjs-1.11.13.tgz",
      "integrity": "sha512-oaMBel6gjolK862uaPQOVTA7q3TZhuSvuMQAAglQDOWYO9A91IrAOUJEyKVlqJlHE0vq5p5UXxzdPfMH/x6xNg=="
    },
    "node_modules/japanese-holidays": {
      "version": "1.0.10",
      "resolved": "https://registry.npmjs.org/japanese-holidays/-/japanese-holidays-1.0.10.tgz",
      "integrity": "sha512-OiK5801c432ljumKnQ65TGw6HSEuetU0Fvlz1/BPPPqwxQZ2kPeCy3XHO6q5nf+6zJqIf1fqcpQjWp+/SimO6Q=="
    }
  }
}
